// !$*UTF8*$!
{
	archiveVersion = 1;
	classes = {
	};
	objectVersion = 50;
	objects = {

/* Begin PBXBuildFile section */
		1DCDE337238BB047000C48CB /* AppDelegate.swift in Sources */ = {isa = PBXBuildFile; fileRef = 1DCDE336238BB047000C48CB /* AppDelegate.swift */; };
		1DCDE339238BB047000C48CB /* SceneDelegate.swift in Sources */ = {isa = PBXBuildFile; fileRef = 1DCDE338238BB047000C48CB /* SceneDelegate.swift */; };
		1DCDE33B238BB047000C48CB /* ViewController.swift in Sources */ = {isa = PBXBuildFile; fileRef = 1DCDE33A238BB047000C48CB /* ViewController.swift */; };
		1DCDE33E238BB047000C48CB /* Main.storyboard in Resources */ = {isa = PBXBuildFile; fileRef = 1DCDE33C238BB047000C48CB /* Main.storyboard */; };
		1DCDE340238BB049000C48CB /* Assets.xcassets in Resources */ = {isa = PBXBuildFile; fileRef = 1DCDE33F238BB049000C48CB /* Assets.xcassets */; };
		1DCDE343238BB049000C48CB /* LaunchScreen.storyboard in Resources */ = {isa = PBXBuildFile; fileRef = 1DCDE341238BB049000C48CB /* LaunchScreen.storyboard */; };
		1DCDE34E238BB049000C48CB /* QRCodeTests.swift in Sources */ = {isa = PBXBuildFile; fileRef = 1DCDE34D238BB049000C48CB /* QRCodeTests.swift */; };
		1DCDE359238BB049000C48CB /* QRCodeUITests.swift in Sources */ = {isa = PBXBuildFile; fileRef = 1DCDE358238BB049000C48CB /* QRCodeUITests.swift */; };
/* End PBXBuildFile section */

/* Begin PBXContainerItemProxy section */
		1DCDE34A238BB049000C48CB /* PBXContainerItemProxy */ = {
			isa = PBXContainerItemProxy;
			containerPortal = 1DCDE32B238BB047000C48CB /* Project object */;
			proxyType = 1;
			remoteGlobalIDString = 1DCDE332238BB047000C48CB;
			remoteInfo = QRCode;
		};
		1DCDE355238BB049000C48CB /* PBXContainerItemProxy */ = {
			isa = PBXContainerItemProxy;
			containerPortal = 1DCDE32B238BB047000C48CB /* Project object */;
			proxyType = 1;
			remoteGlobalIDString = 1DCDE332238BB047000C48CB;
			remoteInfo = QRCode;
		};
/* End PBXContainerItemProxy section */

/* Begin PBXFileReference section */
		1DCDE333238BB047000C48CB /* QRCode.app */ = {isa = PBXFileReference; explicitFileType = wrapper.application; includeInIndex = 0; path = QRCode.app; sourceTree = BUILT_PRODUCTS_DIR; };
		1DCDE336238BB047000C48CB /* AppDelegate.swift */ = {isa = PBXFileReference; lastKnownFileType = sourcecode.swift; path = AppDelegate.swift; sourceTree = "<group>"; };
		1DCDE338238BB047000C48CB /* SceneDelegate.swift */ = {isa = PBXFileReference; lastKnownFileType = sourcecode.swift; path = SceneDelegate.swift; sourceTree = "<group>"; };
		1DCDE33A238BB047000C48CB /* ViewController.swift */ = {isa = PBXFileReference; lastKnownFileType = sourcecode.swift; path = ViewController.swift; sourceTree = "<group>"; };
		1DCDE33D238BB047000C48CB /* Base */ = {isa = PBXFileReference; lastKnownFileType = file.storyboard; name = Base; path = Base.lproj/Main.storyboard; sourceTree = "<group>"; };
		1DCDE33F238BB049000C48CB /* Assets.xcassets */ = {isa = PBXFileReference; lastKnownFileType = folder.assetcatalog; path = Assets.xcassets; sourceTree = "<group>"; };
		1DCDE342238BB049000C48CB /* Base */ = {isa = PBXFileReference; lastKnownFileType = file.storyboard; name = Base; path = Base.lproj/LaunchScreen.storyboard; sourceTree = "<group>"; };
		1DCDE344238BB049000C48CB /* Info.plist */ = {isa = PBXFileReference; lastKnownFileType = text.plist.xml; path = Info.plist; sourceTree = "<group>"; };
		1DCDE349238BB049000C48CB /* QRCodeTests.xctest */ = {isa = PBXFileReference; explicitFileType = wrapper.cfbundle; includeInIndex = 0; path = QRCodeTests.xctest; sourceTree = BUILT_PRODUCTS_DIR; };
		1DCDE34D238BB049000C48CB /* QRCodeTests.swift */ = {isa = PBXFileReference; lastKnownFileType = sourcecode.swift; path = QRCodeTests.swift; sourceTree = "<group>"; };
		1DCDE34F238BB049000C48CB /* Info.plist */ = {isa = PBXFileReference; lastKnownFileType = text.plist.xml; path = Info.plist; sourceTree = "<group>"; };
		1DCDE354238BB049000C48CB /* QRCodeUITests.xctest */ = {isa = PBXFileReference; explicitFileType = wrapper.cfbundle; includeInIndex = 0; path = QRCodeUITests.xctest; sourceTree = BUILT_PRODUCTS_DIR; };
		1DCDE358238BB049000C48CB /* QRCodeUITests.swift */ = {isa = PBXFileReference; lastKnownFileType = sourcecode.swift; path = QRCodeUITests.swift; sourceTree = "<group>"; };
		1DCDE35A238BB049000C48CB /* Info.plist */ = {isa = PBXFileReference; lastKnownFileType = text.plist.xml; path = Info.plist; sourceTree = "<group>"; };
/* End PBXFileReference section */

/* Begin PBXFrameworksBuildPhase section */
		1DCDE330238BB047000C48CB /* Frameworks */ = {
			isa = PBXFrameworksBuildPhase;
			buildActionMask = 2147483647;
			files = (
			);
			runOnlyForDeploymentPostprocessing = 0;
		};
		1DCDE346238BB049000C48CB /* Frameworks */ = {
			isa = PBXFrameworksBuildPhase;
			buildActionMask = 2147483647;
			files = (
			);
			runOnlyForDeploymentPostprocessing = 0;
		};
		1DCDE351238BB049000C48CB /* Frameworks */ = {
			isa = PBXFrameworksBuildPhase;
			buildActionMask = 2147483647;
			files = (
			);
			runOnlyForDeploymentPostprocessing = 0;
		};
/* End PBXFrameworksBuildPhase section */

/* Begin PBXGroup section */
		1DCDE32A238BB047000C48CB = {
			isa = PBXGroup;
			children = (
				1DCDE335238BB047000C48CB /* QRCode */,
				1DCDE34C238BB049000C48CB /* QRCodeTests */,
				1DCDE357238BB049000C48CB /* QRCodeUITests */,
				1DCDE334238BB047000C48CB /* Products */,
			);
			sourceTree = "<group>";
		};
		1DCDE334238BB047000C48CB /* Products */ = {
			isa = PBXGroup;
			children = (
				1DCDE333238BB047000C48CB /* QRCode.app */,
				1DCDE349238BB049000C48CB /* QRCodeTests.xctest */,
				1DCDE354238BB049000C48CB /* QRCodeUITests.xctest */,
			);
			name = Products;
			sourceTree = "<group>";
		};
		1DCDE335238BB047000C48CB /* QRCode */ = {
			isa = PBXGroup;
			children = (
				1DCDE336238BB047000C48CB /* AppDelegate.swift */,
				1DCDE338238BB047000C48CB /* SceneDelegate.swift */,
				1DCDE33A238BB047000C48CB /* ViewController.swift */,
				1DCDE33C238BB047000C48CB /* Main.storyboard */,
				1DCDE33F238BB049000C48CB /* Assets.xcassets */,
				1DCDE341238BB049000C48CB /* LaunchScreen.storyboard */,
				1DCDE344238BB049000C48CB /* Info.plist */,
			);
			path = QRCode;
			sourceTree = "<group>";
		};
		1DCDE34C238BB049000C48CB /* QRCodeTests */ = {
			isa = PBXGroup;
			children = (
				1DCDE34D238BB049000C48CB /* QRCodeTests.swift */,
				1DCDE34F238BB049000C48CB /* Info.plist */,
			);
			path = QRCodeTests;
			sourceTree = "<group>";
		};
		1DCDE357238BB049000C48CB /* QRCodeUITests */ = {
			isa = PBXGroup;
			children = (
				1DCDE358238BB049000C48CB /* QRCodeUITests.swift */,
				1DCDE35A238BB049000C48CB /* Info.plist */,
			);
			path = QRCodeUITests;
			sourceTree = "<group>";
		};
/* End PBXGroup section */

/* Begin PBXNativeTarget section */
		1DCDE332238BB047000C48CB /* QRCode */ = {
			isa = PBXNativeTarget;
			buildConfigurationList = 1DCDE35D238BB049000C48CB /* Build configuration list for PBXNativeTarget "QRCode" */;
			buildPhases = (
				1DCDE32F238BB047000C48CB /* Sources */,
				1DCDE330238BB047000C48CB /* Frameworks */,
				1DCDE331238BB047000C48CB /* Resources */,
			);
			buildRules = (
			);
			dependencies = (
			);
			name = QRCode;
			productName = QRCode;
			productReference = 1DCDE333238BB047000C48CB /* QRCode.app */;
			productType = "com.apple.product-type.application";
		};
		1DCDE348238BB049000C48CB /* QRCodeTests */ = {
			isa = PBXNativeTarget;
			buildConfigurationList = 1DCDE360238BB049000C48CB /* Build configuration list for PBXNativeTarget "QRCodeTests" */;
			buildPhases = (
				1DCDE345238BB049000C48CB /* Sources */,
				1DCDE346238BB049000C48CB /* Frameworks */,
				1DCDE347238BB049000C48CB /* Resources */,
			);
			buildRules = (
			);
			dependencies = (
				1DCDE34B238BB049000C48CB /* PBXTargetDependency */,
			);
			name = QRCodeTests;
			productName = QRCodeTests;
			productReference = 1DCDE349238BB049000C48CB /* QRCodeTests.xctest */;
			productType = "com.apple.product-type.bundle.unit-test";
		};
		1DCDE353238BB049000C48CB /* QRCodeUITests */ = {
			isa = PBXNativeTarget;
			buildConfigurationList = 1DCDE363238BB049000C48CB /* Build configuration list for PBXNativeTarget "QRCodeUITests" */;
			buildPhases = (
				1DCDE350238BB049000C48CB /* Sources */,
				1DCDE351238BB049000C48CB /* Frameworks */,
				1DCDE352238BB049000C48CB /* Resources */,
			);
			buildRules = (
			);
			dependencies = (
				1DCDE356238BB049000C48CB /* PBXTargetDependency */,
			);
			name = QRCodeUITests;
			productName = QRCodeUITests;
			productReference = 1DCDE354238BB049000C48CB /* QRCodeUITests.xctest */;
			productType = "com.apple.product-type.bundle.ui-testing";
		};
/* End PBXNativeTarget section */

/* Begin PBXProject section */
		1DCDE32B238BB047000C48CB /* Project object */ = {
			isa = PBXProject;
			attributes = {
				LastSwiftUpdateCheck = 1120;
				LastUpgradeCheck = 1120;
				ORGANIZATIONNAME = "Victor Jong";
				TargetAttributes = {
					1DCDE332238BB047000C48CB = {
						CreatedOnToolsVersion = 11.2.1;
					};
					1DCDE348238BB049000C48CB = {
						CreatedOnToolsVersion = 11.2.1;
						TestTargetID = 1DCDE332238BB047000C48CB;
					};
					1DCDE353238BB049000C48CB = {
						CreatedOnToolsVersion = 11.2.1;
						TestTargetID = 1DCDE332238BB047000C48CB;
					};
				};
			};
			buildConfigurationList = 1DCDE32E238BB047000C48CB /* Build configuration list for PBXProject "QRCode" */;
			compatibilityVersion = "Xcode 9.3";
			developmentRegion = en;
			hasScannedForEncodings = 0;
			knownRegions = (
				en,
				Base,
			);
			mainGroup = 1DCDE32A238BB047000C48CB;
			productRefGroup = 1DCDE334238BB047000C48CB /* Products */;
			projectDirPath = "";
			projectRoot = "";
			targets = (
				1DCDE332238BB047000C48CB /* QRCode */,
				1DCDE348238BB049000C48CB /* QRCodeTests */,
				1DCDE353238BB049000C48CB /* QRCodeUITests */,
			);
		};
/* End PBXProject section */

/* Begin PBXResourcesBuildPhase section */
		1DCDE331238BB047000C48CB /* Resources */ = {
			isa = PBXResourcesBuildPhase;
			buildActionMask = 2147483647;
			files = (
				1DCDE343238BB049000C48CB /* LaunchScreen.storyboard in Resources */,
				1DCDE340238BB049000C48CB /* Assets.xcassets in Resources */,
				1DCDE33E238BB047000C48CB /* Main.storyboard in Resources */,
			);
			runOnlyForDeploymentPostprocessing = 0;
		};
		1DCDE347238BB049000C48CB /* Resources */ = {
			isa = PBXResourcesBuildPhase;
			buildActionMask = 2147483647;
			files = (
			);
			runOnlyForDeploymentPostprocessing = 0;
		};
		1DCDE352238BB049000C48CB /* Resources */ = {
			isa = PBXResourcesBuildPhase;
			buildActionMask = 2147483647;
			files = (
			);
			runOnlyForDeploymentPostprocessing = 0;
		};
/* End PBXResourcesBuildPhase section */

/* Begin PBXSourcesBuildPhase section */
		1DCDE32F238BB047000C48CB /* Sources */ = {
			isa = PBXSourcesBuildPhase;
			buildActionMask = 2147483647;
			files = (
				1DCDE33B238BB047000C48CB /* ViewController.swift in Sources */,
				1DCDE337238BB047000C48CB /* AppDelegate.swift in Sources */,
				1DCDE339238BB047000C48CB /* SceneDelegate.swift in Sources */,
			);
			runOnlyForDeploymentPostprocessing = 0;
		};
		1DCDE345238BB049000C48CB /* Sources */ = {
			isa = PBXSourcesBuildPhase;
			buildActionMask = 2147483647;
			files = (
				1DCDE34E238BB049000C48CB /* QRCodeTests.swift in Sources */,
			);
			runOnlyForDeploymentPostprocessing = 0;
		};
		1DCDE350238BB049000C48CB /* Sources */ = {
			isa = PBXSourcesBuildPhase;
			buildActionMask = 2147483647;
			files = (
				1DCDE359238BB049000C48CB /* QRCodeUITests.swift in Sources */,
			);
			runOnlyForDeploymentPostprocessing = 0;
		};
/* End PBXSourcesBuildPhase section */

/* Begin PBXTargetDependency section */
		1DCDE34B238BB049000C48CB /* PBXTargetDependency */ = {
			isa = PBXTargetDependency;
			target = 1DCDE332238BB047000C48CB /* QRCode */;
			targetProxy = 1DCDE34A238BB049000C48CB /* PBXContainerItemProxy */;
		};
		1DCDE356238BB049000C48CB /* PBXTargetDependency */ = {
			isa = PBXTargetDependency;
			target = 1DCDE332238BB047000C48CB /* QRCode */;
			targetProxy = 1DCDE355238BB049000C48CB /* PBXContainerItemProxy */;
		};
/* End PBXTargetDependency section */

/* Begin PBXVariantGroup section */
		1DCDE33C238BB047000C48CB /* Main.storyboard */ = {
			isa = PBXVariantGroup;
			children = (
				1DCDE33D238BB047000C48CB /* Base */,
			);
			name = Main.storyboard;
			sourceTree = "<group>";
		};
		1DCDE341238BB049000C48CB /* LaunchScreen.storyboard */ = {
			isa = PBXVariantGroup;
			children = (
				1DCDE342238BB049000C48CB /* Base */,
			);
			name = LaunchScreen.storyboard;
			sourceTree = "<group>";
		};
/* End PBXVariantGroup section */

/* Begin XCBuildConfiguration section */
		1DCDE35B238BB049000C48CB /* Debug */ = {
			isa = XCBuildConfiguration;
			buildSettings = {
				ALWAYS_SEARCH_USER_PATHS = NO;
				CLANG_ANALYZER_NONNULL = YES;
				CLANG_ANALYZER_NUMBER_OBJECT_CONVERSION = YES_AGGRESSIVE;
				CLANG_CXX_LANGUAGE_STANDARD = "gnu++14";
				CLANG_CXX_LIBRARY = "libc++";
				CLANG_ENABLE_MODULES = YES;
				CLANG_ENABLE_OBJC_ARC = YES;
				CLANG_ENABLE_OBJC_WEAK = YES;
				CLANG_WARN_BLOCK_CAPTURE_AUTORELEASING = YES;
				CLANG_WARN_BOOL_CONVERSION = YES;
				CLANG_WARN_COMMA = YES;
				CLANG_WARN_CONSTANT_CONVERSION = YES;
				CLANG_WARN_DEPRECATED_OBJC_IMPLEMENTATIONS = YES;
				CLANG_WARN_DIRECT_OBJC_ISA_USAGE = YES_ERROR;
				CLANG_WARN_DOCUMENTATION_COMMENTS = YES;
				CLANG_WARN_EMPTY_BODY = YES;
				CLANG_WARN_ENUM_CONVERSION = YES;
				CLANG_WARN_INFINITE_RECURSION = YES;
				CLANG_WARN_INT_CONVERSION = YES;
				CLANG_WARN_NON_LITERAL_NULL_CONVERSION = YES;
				CLANG_WARN_OBJC_IMPLICIT_RETAIN_SELF = YES;
				CLANG_WARN_OBJC_LITERAL_CONVERSION = YES;
				CLANG_WARN_OBJC_ROOT_CLASS = YES_ERROR;
				CLANG_WARN_RANGE_LOOP_ANALYSIS = YES;
				CLANG_WARN_STRICT_PROTOTYPES = YES;
				CLANG_WARN_SUSPICIOUS_MOVE = YES;
				CLANG_WARN_UNGUARDED_AVAILABILITY = YES_AGGRESSIVE;
				CLANG_WARN_UNREACHABLE_CODE = YES;
				CLANG_WARN__DUPLICATE_METHOD_MATCH = YES;
				COPY_PHASE_STRIP = NO;
				DEBUG_INFORMATION_FORMAT = dwarf;
				ENABLE_STRICT_OBJC_MSGSEND = YES;
				ENABLE_TESTABILITY = YES;
				GCC_C_LANGUAGE_STANDARD = gnu11;
				GCC_DYNAMIC_NO_PIC = NO;
				GCC_NO_COMMON_BLOCKS = YES;
				GCC_OPTIMIZATION_LEVEL = 0;
				GCC_PREPROCESSOR_DEFINITIONS = (
					"DEBUG=1",
					"$(inherited)",
				);
				GCC_WARN_64_TO_32_BIT_CONVERSION = YES;
				GCC_WARN_ABOUT_RETURN_TYPE = YES_ERROR;
				GCC_WARN_UNDECLARED_SELECTOR = YES;
				GCC_WARN_UNINITIALIZED_AUTOS = YES_AGGRESSIVE;
				GCC_WARN_UNUSED_FUNCTION = YES;
				GCC_WARN_UNUSED_VARIABLE = YES;
				IPHONEOS_DEPLOYMENT_TARGET = 13.2;
				MTL_ENABLE_DEBUG_INFO = INCLUDE_SOURCE;
				MTL_FAST_MATH = YES;
				ONLY_ACTIVE_ARCH = YES;
				SDKROOT = iphoneos;
				SWIFT_ACTIVE_COMPILATION_CONDITIONS = DEBUG;
				SWIFT_OPTIMIZATION_LEVEL = "-Onone";
			};
			name = Debug;
		};
		1DCDE35C238BB049000C48CB /* Release */ = {
			isa = XCBuildConfiguration;
			buildSettings = {
				ALWAYS_SEARCH_USER_PATHS = NO;
				CLANG_ANALYZER_NONNULL = YES;
				CLANG_ANALYZER_NUMBER_OBJECT_CONVERSION = YES_AGGRESSIVE;
				CLANG_CXX_LANGUAGE_STANDARD = "gnu++14";
				CLANG_CXX_LIBRARY = "libc++";
				CLANG_ENABLE_MODULES = YES;
				CLANG_ENABLE_OBJC_ARC = YES;
				CLANG_ENABLE_OBJC_WEAK = YES;
				CLANG_WARN_BLOCK_CAPTURE_AUTORELEASING = YES;
				CLANG_WARN_BOOL_CONVERSION = YES;
				CLANG_WARN_COMMA = YES;
				CLANG_WARN_CONSTANT_CONVERSION = YES;
				CLANG_WARN_DEPRECATED_OBJC_IMPLEMENTATIONS = YES;
				CLANG_WARN_DIRECT_OBJC_ISA_USAGE = YES_ERROR;
				CLANG_WARN_DOCUMENTATION_COMMENTS = YES;
				CLANG_WARN_EMPTY_BODY = YES;
				CLANG_WARN_ENUM_CONVERSION = YES;
				CLANG_WARN_INFINITE_RECURSION = YES;
				CLANG_WARN_INT_CONVERSION = YES;
				CLANG_WARN_NON_LITERAL_NULL_CONVERSION = YES;
				CLANG_WARN_OBJC_IMPLICIT_RETAIN_SELF = YES;
				CLANG_WARN_OBJC_LITERAL_CONVERSION = YES;
				CLANG_WARN_OBJC_ROOT_CLASS = YES_ERROR;
				CLANG_WARN_RANGE_LOOP_ANALYSIS = YES;
				CLANG_WARN_STRICT_PROTOTYPES = YES;
				CLANG_WARN_SUSPICIOUS_MOVE = YES;
				CLANG_WARN_UNGUARDED_AVAILABILITY = YES_AGGRESSIVE;
				CLANG_WARN_UNREACHABLE_CODE = YES;
				CLANG_WARN__DUPLICATE_METHOD_MATCH = YES;
				COPY_PHASE_STRIP = NO;
				DEBUG_INFORMATION_FORMAT = "dwarf-with-dsym";
				ENABLE_NS_ASSERTIONS = NO;
				ENABLE_STRICT_OBJC_MSGSEND = YES;
				GCC_C_LANGUAGE_STANDARD = gnu11;
				GCC_NO_COMMON_BLOCKS = YES;
				GCC_WARN_64_TO_32_BIT_CONVERSION = YES;
				GCC_WARN_ABOUT_RETURN_TYPE = YES_ERROR;
				GCC_WARN_UNDECLARED_SELECTOR = YES;
				GCC_WARN_UNINITIALIZED_AUTOS = YES_AGGRESSIVE;
				GCC_WARN_UNUSED_FUNCTION = YES;
				GCC_WARN_UNUSED_VARIABLE = YES;
				IPHONEOS_DEPLOYMENT_TARGET = 13.2;
				MTL_ENABLE_DEBUG_INFO = NO;
				MTL_FAST_MATH = YES;
				SDKROOT = iphoneos;
				SWIFT_COMPILATION_MODE = wholemodule;
				SWIFT_OPTIMIZATION_LEVEL = "-O";
				VALIDATE_PRODUCT = YES;
			};
			name = Release;
		};
		1DCDE35E238BB049000C48CB /* Debug */ = {
			isa = XCBuildConfiguration;
			buildSettings = {
				ASSETCATALOG_COMPILER_APPICON_NAME = AppIcon;
				CODE_SIGN_STYLE = Automatic;
				INFOPLIST_FILE = QRCode/Info.plist;
				LD_RUNPATH_SEARCH_PATHS = (
					"$(inherited)",
					"@executable_path/Frameworks",
				);
				PRODUCT_BUNDLE_IDENTIFIER = sg.victor.QRCode;
				PRODUCT_NAME = "$(TARGET_NAME)";
				SWIFT_VERSION = 5.0;
				TARGETED_DEVICE_FAMILY = "1,2";
			};
			name = Debug;
		};
		1DCDE35F238BB049000C48CB /* Release */ = {
			isa = XCBuildConfiguration;
			buildSettings = {
				ASSETCATALOG_COMPILER_APPICON_NAME = AppIcon;
				CODE_SIGN_STYLE = Automatic;
				INFOPLIST_FILE = QRCode/Info.plist;
				LD_RUNPATH_SEARCH_PATHS = (
					"$(inherited)",
					"@executable_path/Frameworks",
				);
				PRODUCT_BUNDLE_IDENTIFIER = sg.victor.QRCode;
				PRODUCT_NAME = "$(TARGET_NAME)";
				SWIFT_VERSION = 5.0;
				TARGETED_DEVICE_FAMILY = "1,2";
			};
			name = Release;
		};
		1DCDE361238BB049000C48CB /* Debug */ = {
			isa = XCBuildConfiguration;
			buildSettings = {
				ALWAYS_EMBED_SWIFT_STANDARD_LIBRARIES = YES;
				BUNDLE_LOADER = "$(TEST_HOST)";
				CODE_SIGN_STYLE = Automatic;
				INFOPLIST_FILE = QRCodeTests/Info.plist;
				IPHONEOS_DEPLOYMENT_TARGET = 13.2;
				LD_RUNPATH_SEARCH_PATHS = (
					"$(inherited)",
					"@executable_path/Frameworks",
					"@loader_path/Frameworks",
				);
				PRODUCT_BUNDLE_IDENTIFIER = sg.victor.QRCodeTests;
				PRODUCT_NAME = "$(TARGET_NAME)";
				SWIFT_VERSION = 5.0;
				TARGETED_DEVICE_FAMILY = "1,2";
				TEST_HOST = "$(BUILT_PRODUCTS_DIR)/QRCode.app/QRCode";
			};
			name = Debug;
		};
		1DCDE362238BB049000C48CB /* Release */ = {
			isa = XCBuildConfiguration;
			buildSettings = {
				ALWAYS_EMBED_SWIFT_STANDARD_LIBRARIES = YES;
				BUNDLE_LOADER = "$(TEST_HOST)";
				CODE_SIGN_STYLE = Automatic;
				INFOPLIST_FILE = QRCodeTests/Info.plist;
				IPHONEOS_DEPLOYMENT_TARGET = 13.2;
				LD_RUNPATH_SEARCH_PATHS = (
					"$(inherited)",
					"@executable_path/Frameworks",
					"@loader_path/Frameworks",
				);
				PRODUCT_BUNDLE_IDENTIFIER = sg.victor.QRCodeTests;
				PRODUCT_NAME = "$(TARGET_NAME)";
				SWIFT_VERSION = 5.0;
				TARGETED_DEVICE_FAMILY = "1,2";
				TEST_HOST = "$(BUILT_PRODUCTS_DIR)/QRCode.app/QRCode";
			};
			name = Release;
		};
		1DCDE364238BB049000C48CB /* Debug */ = {
			isa = XCBuildConfiguration;
			buildSettings = {
				ALWAYS_EMBED_SWIFT_STANDARD_LIBRARIES = YES;
				CODE_SIGN_STYLE = Automatic;
				INFOPLIST_FILE = QRCodeUITests/Info.plist;
				LD_RUNPATH_SEARCH_PATHS = (
					"$(inherited)",
					"@executable_path/Frameworks",
					"@loader_path/Frameworks",
				);
				PRODUCT_BUNDLE_IDENTIFIER = sg.victor.QRCodeUITests;
				PRODUCT_NAME = "$(TARGET_NAME)";
				SWIFT_VERSION = 5.0;
				TARGETED_DEVICE_FAMILY = "1,2";
				TEST_TARGET_NAME = QRCode;
			};
			name = Debug;
		};
		1DCDE365238BB049000C48CB /* Release */ = {
			isa = XCBuildConfiguration;
			buildSettings = {
				ALWAYS_EMBED_SWIFT_STANDARD_LIBRARIES = YES;
				CODE_SIGN_STYLE = Automatic;
				INFOPLIST_FILE = QRCodeUITests/Info.plist;
				LD_RUNPATH_SEARCH_PATHS = (
					"$(inherited)",
					"@executable_path/Frameworks",
					"@loader_path/Frameworks",
				);
				PRODUCT_BUNDLE_IDENTIFIER = sg.victor.QRCodeUITests;
				PRODUCT_NAME = "$(TARGET_NAME)";
				SWIFT_VERSION = 5.0;
				TARGETED_DEVICE_FAMILY = "1,2";
				TEST_TARGET_NAME = QRCode;
			};
			name = Release;
		};
/* End XCBuildConfiguration section */

/* Begin XCConfigurationList section */
		1DCDE32E238BB047000C48CB /* Build configuration list for PBXProject "QRCode" */ = {
			isa = XCConfigurationList;
			buildConfigurations = (
				1DCDE35B238BB049000C48CB /* Debug */,
				1DCDE35C238BB049000C48CB /* Release */,
			);
			defaultConfigurationIsVisible = 0;
			defaultConfigurationName = Release;
		};
		1DCDE35D238BB049000C48CB /* Build configuration list for PBXNativeTarget "QRCode" */ = {
			isa = XCConfigurationList;
			buildConfigurations = (
				1DCDE35E238BB049000C48CB /* Debug */,
				1DCDE35F238BB049000C48CB /* Release */,
			);
			defaultConfigurationIsVisible = 0;
			defaultConfigurationName = Release;
		};
		1DCDE360238BB049000C48CB /* Build configuration list for PBXNativeTarget "QRCodeTests" */ = {
			isa = XCConfigurationList;
			buildConfigurations = (
				1DCDE361238BB049000C48CB /* Debug */,
				1DCDE362238BB049000C48CB /* Release */,
			);
			defaultConfigurationIsVisible = 0;
			defaultConfigurationName = Release;
		};
		1DCDE363238BB049000C48CB /* Build configuration list for PBXNativeTarget "QRCodeUITests" */ = {
			isa = XCConfigurationList;
			buildConfigurations = (
				1DCDE364238BB049000C48CB /* Debug */,
				1DCDE365238BB049000C48CB /* Release */,
			);
			defaultConfigurationIsVisible = 0;
			defaultConfigurationName = Release;
		};
/* End XCConfigurationList section */
	};
	rootObject = 1DCDE32B238BB047000C48CB /* Project object */;
}
